
Microsoft Visual Studio Solution File, Format Version 12.00
Project("{FAE04EC0-301F-11D3-BF4B-00C04F79EFBC}") = "TCMine-Launcher", "TCMine-Launcher\TCMine-Launcher.csproj", "{A029FF69-8A35-430B-9571-B80ACDF2673D}"
EndProject
Global
	GlobalSection(SolutionConfigurationPlatforms) = preSolution
		Debug|Any CPU = Debug|Any CPU
		Release|Any CPU = Release|Any CPU
	EndGlobalSection
	GlobalSection(ProjectConfigurationPlatforms) = postSolution
		{A029FF69-8A35-430B-9571-B80ACDF2673D}.Debug|Any CPU.ActiveCfg = Debug|Any CPU
		{A029FF69-8A35-430B-9571-B80ACDF2673D}.Debug|Any CPU.Build.0 = Debug|Any CPU
		{A029FF69-8A35-430B-9571-B80ACDF2673D}.Release|Any CPU.ActiveCfg = Release|Any CPU
		{A029FF69-8A35-430B-9571-B80ACDF2673D}.Release|Any CPU.Build.0 = Release|Any CPU
	EndGlobalSection
EndGlobal
